// !$*UTF8*$!
{
	archiveVersion = 1;
	classes = {
	};
	objectVersion = 56;
	objects = {

/* Begin PBXBuildFile section */
		060504FA2AADC170009912FA /* TestCode.swift in Sources */ = {isa = PBXBuildFile; fileRef = 060504F92AADC0A1009912FA /* TestCode.swift */; };
		060505032AAEA1BE009912FA /* amemoTests.swift in Sources */ = {isa = PBXBuildFile; fileRef = 060505022AAEA1BE009912FA /* amemoTests.swift */; };
		0605050A2AAEA416009912FA /* SampleClass.swift in Sources */ = {isa = PBXBuildFile; fileRef = 060505092AAEA416009912FA /* SampleClass.swift */; };
		0605050B2AAEA416009912FA /* SampleClass.swift in Sources */ = {isa = PBXBuildFile; fileRef = 060505092AAEA416009912FA /* SampleClass.swift */; };
		0646BB5F2AB83ECD0024A6D8 /* GoogleService-Info.plist in Resources */ = {isa = PBXBuildFile; fileRef = 0646BB5E2AB83ECD0024A6D8 /* GoogleService-Info.plist */; };
		06A71C862AAAFEA200794323 /* WidgetKit.framework in Frameworks */ = {isa = PBXBuildFile; fileRef = 06A71C852AAAFEA200794323 /* WidgetKit.framework */; };
		06A71C882AAAFEA200794323 /* SwiftUI.framework in Frameworks */ = {isa = PBXBuildFile; fileRef = 06A71C872AAAFEA200794323 /* SwiftUI.framework */; };
		06A71C8B2AAAFEA200794323 /* widgetBundle.swift in Sources */ = {isa = PBXBuildFile; fileRef = 06A71C8A2AAAFEA200794323 /* widgetBundle.swift */; };
		06A71C8D2AAAFEA200794323 /* widget.swift in Sources */ = {isa = PBXBuildFile; fileRef = 06A71C8C2AAAFEA200794323 /* widget.swift */; };
		06A71C8F2AAAFEA800794323 /* Assets.xcassets in Resources */ = {isa = PBXBuildFile; fileRef = 06A71C8E2AAAFEA800794323 /* Assets.xcassets */; };
		06A71C932AAAFEA800794323 /* widgetExtension.appex in Embed Foundation Extensions */ = {isa = PBXBuildFile; fileRef = 06A71C832AAAFEA200794323 /* widgetExtension.appex */; settings = {ATTRIBUTES = (RemoveHeadersOnCopy, ); }; };
		06DE74042AB8412F00BAF4BE /* FirebaseRemoteConfig in Frameworks */ = {isa = PBXBuildFile; productRef = 06DE74032AB8412F00BAF4BE /* FirebaseRemoteConfig */; };
		06DE74062AB8412F00BAF4BE /* FirebaseRemoteConfigSwift in Frameworks */ = {isa = PBXBuildFile; productRef = 06DE74052AB8412F00BAF4BE /* FirebaseRemoteConfigSwift */; };
		06DE74082AB8447B00BAF4BE /* RemoteConfigKeys.plist in Resources */ = {isa = PBXBuildFile; fileRef = 06DE74072AB8447B00BAF4BE /* RemoteConfigKeys.plist */; };
		06E1C6E12AA9640B004BFBF1 /* amemoApp.swift in Sources */ = {isa = PBXBuildFile; fileRef = 06E1C6E02AA9640B004BFBF1 /* amemoApp.swift */; };
		06E1C6E32AA9640B004BFBF1 /* ContentView.swift in Sources */ = {isa = PBXBuildFile; fileRef = 06E1C6E22AA9640B004BFBF1 /* ContentView.swift */; };
		06E1C6E52AA9640D004BFBF1 /* Assets.xcassets in Resources */ = {isa = PBXBuildFile; fileRef = 06E1C6E42AA9640D004BFBF1 /* Assets.xcassets */; };
		06E1C6E82AA9640D004BFBF1 /* Preview Assets.xcassets in Resources */ = {isa = PBXBuildFile; fileRef = 06E1C6E72AA9640D004BFBF1 /* Preview Assets.xcassets */; };
		06FB057E2AB00C2B00AEFE6A /* ShareViewController.swift in Sources */ = {isa = PBXBuildFile; fileRef = 06FB057D2AB00C2B00AEFE6A /* ShareViewController.swift */; };
		06FB05812AB00C2B00AEFE6A /* MainInterface.storyboard in Resources */ = {isa = PBXBuildFile; fileRef = 06FB057F2AB00C2B00AEFE6A /* MainInterface.storyboard */; };
		06FB05852AB00C2B00AEFE6A /* share.appex in Embed Foundation Extensions */ = {isa = PBXBuildFile; fileRef = 06FB057B2AB00C2B00AEFE6A /* share.appex */; settings = {ATTRIBUTES = (RemoveHeadersOnCopy, ); }; };
/* End PBXBuildFile section */

/* Begin PBXContainerItemProxy section */
		060505042AAEA1BE009912FA /* PBXContainerItemProxy */ = {
			isa = PBXContainerItemProxy;
			containerPortal = 06E1C6D52AA9640B004BFBF1 /* Project object */;
			proxyType = 1;
			remoteGlobalIDString = 06E1C6DC2AA9640B004BFBF1;
			remoteInfo = amemo;
		};
		06A71C912AAAFEA800794323 /* PBXContainerItemProxy */ = {
			isa = PBXContainerItemProxy;
			containerPortal = 06E1C6D52AA9640B004BFBF1 /* Project object */;
			proxyType = 1;
			remoteGlobalIDString = 06A71C822AAAFEA200794323;
			remoteInfo = widgetExtension;
		};
		06FB05832AB00C2B00AEFE6A /* PBXContainerItemProxy */ = {
			isa = PBXContainerItemProxy;
			containerPortal = 06E1C6D52AA9640B004BFBF1 /* Project object */;
			proxyType = 1;
			remoteGlobalIDString = 06FB057A2AB00C2B00AEFE6A;
			remoteInfo = share;
		};
/* End PBXContainerItemProxy section */

/* Begin PBXCopyFilesBuildPhase section */
		06A71C972AAAFEA800794323 /* Embed Foundation Extensions */ = {
			isa = PBXCopyFilesBuildPhase;
			buildActionMask = 2147483647;
			dstPath = "";
			dstSubfolderSpec = 13;
			files = (
				06FB05852AB00C2B00AEFE6A /* share.appex in Embed Foundation Extensions */,
				06A71C932AAAFEA800794323 /* widgetExtension.appex in Embed Foundation Extensions */,
			);
			name = "Embed Foundation Extensions";
			runOnlyForDeploymentPostprocessing = 0;
		};
/* End PBXCopyFilesBuildPhase section */

/* Begin PBXFileReference section */
		060504F92AADC0A1009912FA /* TestCode.swift */ = {isa = PBXFileReference; lastKnownFileType = sourcecode.swift; path = TestCode.swift; sourceTree = "<group>"; };
		060504FB2AAEA095009912FA /* TestPlan.xctestplan */ = {isa = PBXFileReference; lastKnownFileType = text; path = TestPlan.xctestplan; sourceTree = "<group>"; };
		060505002AAEA1BE009912FA /* amemoTests.xctest */ = {isa = PBXFileReference; explicitFileType = wrapper.cfbundle; includeInIndex = 0; path = amemoTests.xctest; sourceTree = BUILT_PRODUCTS_DIR; };
		060505022AAEA1BE009912FA /* amemoTests.swift */ = {isa = PBXFileReference; lastKnownFileType = sourcecode.swift; path = amemoTests.swift; sourceTree = "<group>"; };
		060505092AAEA416009912FA /* SampleClass.swift */ = {isa = PBXFileReference; lastKnownFileType = sourcecode.swift; path = SampleClass.swift; sourceTree = "<group>"; };
		0646BB5E2AB83ECD0024A6D8 /* GoogleService-Info.plist */ = {isa = PBXFileReference; fileEncoding = 4; lastKnownFileType = text.plist.xml; path = "GoogleService-Info.plist"; sourceTree = "<group>"; };
		065C17642AB18B3800D9CBBB /* Info.plist */ = {isa = PBXFileReference; lastKnownFileType = text.plist; path = Info.plist; sourceTree = "<group>"; };
		065C17652AB18B6700D9CBBB /* Info.plist */ = {isa = PBXFileReference; lastKnownFileType = text.plist; path = Info.plist; sourceTree = "<group>"; };
		06A71C832AAAFEA200794323 /* widgetExtension.appex */ = {isa = PBXFileReference; explicitFileType = "wrapper.app-extension"; includeInIndex = 0; path = widgetExtension.appex; sourceTree = BUILT_PRODUCTS_DIR; };
		06A71C852AAAFEA200794323 /* WidgetKit.framework */ = {isa = PBXFileReference; lastKnownFileType = wrapper.framework; name = WidgetKit.framework; path = System/Library/Frameworks/WidgetKit.framework; sourceTree = SDKROOT; };
		06A71C872AAAFEA200794323 /* SwiftUI.framework */ = {isa = PBXFileReference; lastKnownFileType = wrapper.framework; name = SwiftUI.framework; path = System/Library/Frameworks/SwiftUI.framework; sourceTree = SDKROOT; };
		06A71C8A2AAAFEA200794323 /* widgetBundle.swift */ = {isa = PBXFileReference; lastKnownFileType = sourcecode.swift; path = widgetBundle.swift; sourceTree = "<group>"; };
		06A71C8C2AAAFEA200794323 /* widget.swift */ = {isa = PBXFileReference; lastKnownFileType = sourcecode.swift; path = widget.swift; sourceTree = "<group>"; };
		06A71C8E2AAAFEA800794323 /* Assets.xcassets */ = {isa = PBXFileReference; lastKnownFileType = folder.assetcatalog; path = Assets.xcassets; sourceTree = "<group>"; };
		06A71C902AAAFEA800794323 /* Info.plist */ = {isa = PBXFileReference; lastKnownFileType = text.plist.xml; path = Info.plist; sourceTree = "<group>"; };
		06A71C982AAAFF6200794323 /* amemo.entitlements */ = {isa = PBXFileReference; lastKnownFileType = text.plist.entitlements; path = amemo.entitlements; sourceTree = "<group>"; };
		06A71C992AAAFF7000794323 /* widgetExtension.entitlements */ = {isa = PBXFileReference; lastKnownFileType = text.plist.entitlements; path = widgetExtension.entitlements; sourceTree = "<group>"; };
		06DE74072AB8447B00BAF4BE /* RemoteConfigKeys.plist */ = {isa = PBXFileReference; lastKnownFileType = text.plist.xml; path = RemoteConfigKeys.plist; sourceTree = "<group>"; };
		06E1C6DD2AA9640B004BFBF1 /* amemo.app */ = {isa = PBXFileReference; explicitFileType = wrapper.application; includeInIndex = 0; path = amemo.app; sourceTree = BUILT_PRODUCTS_DIR; };
		06E1C6E02AA9640B004BFBF1 /* amemoApp.swift */ = {isa = PBXFileReference; lastKnownFileType = sourcecode.swift; path = amemoApp.swift; sourceTree = "<group>"; };
		06E1C6E22AA9640B004BFBF1 /* ContentView.swift */ = {isa = PBXFileReference; lastKnownFileType = sourcecode.swift; path = ContentView.swift; sourceTree = "<group>"; };
		06E1C6E42AA9640D004BFBF1 /* Assets.xcassets */ = {isa = PBXFileReference; lastKnownFileType = folder.assetcatalog; path = Assets.xcassets; sourceTree = "<group>"; };
		06E1C6E72AA9640D004BFBF1 /* Preview Assets.xcassets */ = {isa = PBXFileReference; lastKnownFileType = folder.assetcatalog; path = "Preview Assets.xcassets"; sourceTree = "<group>"; };
		06FB057B2AB00C2B00AEFE6A /* share.appex */ = {isa = PBXFileReference; explicitFileType = "wrapper.app-extension"; includeInIndex = 0; path = share.appex; sourceTree = BUILT_PRODUCTS_DIR; };
		06FB057D2AB00C2B00AEFE6A /* ShareViewController.swift */ = {isa = PBXFileReference; lastKnownFileType = sourcecode.swift; path = ShareViewController.swift; sourceTree = "<group>"; };
		06FB05802AB00C2B00AEFE6A /* Base */ = {isa = PBXFileReference; lastKnownFileType = file.storyboard; name = Base; path = Base.lproj/MainInterface.storyboard; sourceTree = "<group>"; };
		06FB05822AB00C2B00AEFE6A /* Info.plist */ = {isa = PBXFileReference; lastKnownFileType = text.plist.xml; path = Info.plist; sourceTree = "<group>"; };
/* End PBXFileReference section */

/* Begin PBXFrameworksBuildPhase section */
		060504FD2AAEA1BE009912FA /* Frameworks */ = {
			isa = PBXFrameworksBuildPhase;
			buildActionMask = 2147483647;
			files = (
			);
			runOnlyForDeploymentPostprocessing = 0;
		};
		06A71C802AAAFEA200794323 /* Frameworks */ = {
			isa = PBXFrameworksBuildPhase;
			buildActionMask = 2147483647;
			files = (
				06A71C882AAAFEA200794323 /* SwiftUI.framework in Frameworks */,
				06A71C862AAAFEA200794323 /* WidgetKit.framework in Frameworks */,
			);
			runOnlyForDeploymentPostprocessing = 0;
		};
		06E1C6DA2AA9640B004BFBF1 /* Frameworks */ = {
			isa = PBXFrameworksBuildPhase;
			buildActionMask = 2147483647;
			files = (
				06DE74042AB8412F00BAF4BE /* FirebaseRemoteConfig in Frameworks */,
				06DE74062AB8412F00BAF4BE /* FirebaseRemoteConfigSwift in Frameworks */,
			);
			runOnlyForDeploymentPostprocessing = 0;
		};
		06FB05782AB00C2B00AEFE6A /* Frameworks */ = {
			isa = PBXFrameworksBuildPhase;
			buildActionMask = 2147483647;
			files = (
			);
			runOnlyForDeploymentPostprocessing = 0;
		};
/* End PBXFrameworksBuildPhase section */

/* Begin PBXGroup section */
		060505012AAEA1BE009912FA /* amemoTests */ = {
			isa = PBXGroup;
			children = (
				065C17652AB18B6700D9CBBB /* Info.plist */,
				060505022AAEA1BE009912FA /* amemoTests.swift */,
			);
			path = amemoTests;
			sourceTree = "<group>";
		};
		06A71C842AAAFEA200794323 /* Frameworks */ = {
			isa = PBXGroup;
			children = (
				06A71C852AAAFEA200794323 /* WidgetKit.framework */,
				06A71C872AAAFEA200794323 /* SwiftUI.framework */,
			);
			name = Frameworks;
			sourceTree = "<group>";
		};
		06A71C892AAAFEA200794323 /* widget */ = {
			isa = PBXGroup;
			children = (
				06A71C8A2AAAFEA200794323 /* widgetBundle.swift */,
				06A71C8C2AAAFEA200794323 /* widget.swift */,
				06A71C8E2AAAFEA800794323 /* Assets.xcassets */,
				06A71C902AAAFEA800794323 /* Info.plist */,
			);
			path = widget;
			sourceTree = "<group>";
		};
		06E1C6D42AA9640B004BFBF1 = {
			isa = PBXGroup;
			children = (
				060504FB2AAEA095009912FA /* TestPlan.xctestplan */,
				060504F92AADC0A1009912FA /* TestCode.swift */,
				06A71C992AAAFF7000794323 /* widgetExtension.entitlements */,
				06E1C6DF2AA9640B004BFBF1 /* amemo */,
				06A71C892AAAFEA200794323 /* widget */,
				060505012AAEA1BE009912FA /* amemoTests */,
				06FB057C2AB00C2B00AEFE6A /* share */,
				06A71C842AAAFEA200794323 /* Frameworks */,
				06E1C6DE2AA9640B004BFBF1 /* Products */,
			);
			sourceTree = "<group>";
		};
		06E1C6DE2AA9640B004BFBF1 /* Products */ = {
			isa = PBXGroup;
			children = (
				06E1C6DD2AA9640B004BFBF1 /* amemo.app */,
				06A71C832AAAFEA200794323 /* widgetExtension.appex */,
				060505002AAEA1BE009912FA /* amemoTests.xctest */,
				06FB057B2AB00C2B00AEFE6A /* share.appex */,
			);
			name = Products;
			sourceTree = "<group>";
		};
		06E1C6DF2AA9640B004BFBF1 /* amemo */ = {
			isa = PBXGroup;
			children = (
				0646BB5E2AB83ECD0024A6D8 /* GoogleService-Info.plist */,
				065C17642AB18B3800D9CBBB /* Info.plist */,
				06A71C982AAAFF6200794323 /* amemo.entitlements */,
				06E1C6E02AA9640B004BFBF1 /* amemoApp.swift */,
				06E1C6E22AA9640B004BFBF1 /* ContentView.swift */,
				06E1C6E42AA9640D004BFBF1 /* Assets.xcassets */,
				06E1C6E62AA9640D004BFBF1 /* Preview Content */,
				060505092AAEA416009912FA /* SampleClass.swift */,
				06DE74072AB8447B00BAF4BE /* RemoteConfigKeys.plist */,
			);
			path = amemo;
			sourceTree = "<group>";
		};
		06E1C6E62AA9640D004BFBF1 /* Preview Content */ = {
			isa = PBXGroup;
			children = (
				06E1C6E72AA9640D004BFBF1 /* Preview Assets.xcassets */,
			);
			path = "Preview Content";
			sourceTree = "<group>";
		};
		06FB057C2AB00C2B00AEFE6A /* share */ = {
			isa = PBXGroup;
			children = (
				06FB057D2AB00C2B00AEFE6A /* ShareViewController.swift */,
				06FB057F2AB00C2B00AEFE6A /* MainInterface.storyboard */,
				06FB05822AB00C2B00AEFE6A /* Info.plist */,
			);
			path = share;
			sourceTree = "<group>";
		};
/* End PBXGroup section */

/* Begin PBXNativeTarget section */
		060504FF2AAEA1BE009912FA /* amemoTests */ = {
			isa = PBXNativeTarget;
			buildConfigurationList = 060505062AAEA1BE009912FA /* Build configuration list for PBXNativeTarget "amemoTests" */;
			buildPhases = (
				060504FC2AAEA1BE009912FA /* Sources */,
				060504FD2AAEA1BE009912FA /* Frameworks */,
				060504FE2AAEA1BE009912FA /* Resources */,
			);
			buildRules = (
			);
			dependencies = (
				060505052AAEA1BE009912FA /* PBXTargetDependency */,
			);
			name = amemoTests;
			productName = amemoTests;
			productReference = 060505002AAEA1BE009912FA /* amemoTests.xctest */;
			productType = "com.apple.product-type.bundle.unit-test";
		};
		06A71C822AAAFEA200794323 /* widgetExtension */ = {
			isa = PBXNativeTarget;
			buildConfigurationList = 06A71C942AAAFEA800794323 /* Build configuration list for PBXNativeTarget "widgetExtension" */;
			buildPhases = (
				06A71C7F2AAAFEA200794323 /* Sources */,
				06A71C802AAAFEA200794323 /* Frameworks */,
				06A71C812AAAFEA200794323 /* Resources */,
			);
			buildRules = (
			);
			dependencies = (
			);
			name = widgetExtension;
			productName = widgetExtension;
			productReference = 06A71C832AAAFEA200794323 /* widgetExtension.appex */;
			productType = "com.apple.product-type.app-extension";
		};
		06E1C6DC2AA9640B004BFBF1 /* amemo */ = {
			isa = PBXNativeTarget;
			buildConfigurationList = 06E1C6EB2AA9640D004BFBF1 /* Build configuration list for PBXNativeTarget "amemo" */;
			buildPhases = (
				06E1C6D92AA9640B004BFBF1 /* Sources */,
				06E1C6DA2AA9640B004BFBF1 /* Frameworks */,
				06E1C6DB2AA9640B004BFBF1 /* Resources */,
				06A71C972AAAFEA800794323 /* Embed Foundation Extensions */,
			);
			buildRules = (
			);
			dependencies = (
				06A71C922AAAFEA800794323 /* PBXTargetDependency */,
				06FB05842AB00C2B00AEFE6A /* PBXTargetDependency */,
			);
			name = amemo;
			packageProductDependencies = (
				06DE74032AB8412F00BAF4BE /* FirebaseRemoteConfig */,
				06DE74052AB8412F00BAF4BE /* FirebaseRemoteConfigSwift */,
			);
			productName = amemo;
			productReference = 06E1C6DD2AA9640B004BFBF1 /* amemo.app */;
			productType = "com.apple.product-type.application";
		};
		06FB057A2AB00C2B00AEFE6A /* share */ = {
			isa = PBXNativeTarget;
			buildConfigurationList = 06FB05882AB00C2B00AEFE6A /* Build configuration list for PBXNativeTarget "share" */;
			buildPhases = (
				06FB05772AB00C2B00AEFE6A /* Sources */,
				06FB05782AB00C2B00AEFE6A /* Frameworks */,
				06FB05792AB00C2B00AEFE6A /* Resources */,
			);
			buildRules = (
			);
			dependencies = (
			);
			name = share;
			productName = share;
			productReference = 06FB057B2AB00C2B00AEFE6A /* share.appex */;
			productType = "com.apple.product-type.app-extension";
		};
/* End PBXNativeTarget section */

/* Begin PBXProject section */
		06E1C6D52AA9640B004BFBF1 /* Project object */ = {
			isa = PBXProject;
			attributes = {
				BuildIndependentTargetsInParallel = 1;
				LastSwiftUpdateCheck = 1430;
				LastUpgradeCheck = 1430;
				TargetAttributes = {
					060504FF2AAEA1BE009912FA = {
						CreatedOnToolsVersion = 14.3.1;
						TestTargetID = 06E1C6DC2AA9640B004BFBF1;
					};
					06A71C822AAAFEA200794323 = {
						CreatedOnToolsVersion = 14.3.1;
					};
					06E1C6DC2AA9640B004BFBF1 = {
						CreatedOnToolsVersion = 14.3.1;
					};
					06FB057A2AB00C2B00AEFE6A = {
						CreatedOnToolsVersion = 14.3.1;
					};
				};
			};
			buildConfigurationList = 06E1C6D82AA9640B004BFBF1 /* Build configuration list for PBXProject "amemo" */;
			compatibilityVersion = "Xcode 14.0";
			developmentRegion = en;
			hasScannedForEncodings = 0;
			knownRegions = (
				en,
				Base,
			);
			mainGroup = 06E1C6D42AA9640B004BFBF1;
			packageReferences = (
				06DE74022AB8412F00BAF4BE /* XCRemoteSwiftPackageReference "firebase-ios-sdk" */,
			);
			productRefGroup = 06E1C6DE2AA9640B004BFBF1 /* Products */;
			projectDirPath = "";
			projectRoot = "";
			targets = (
				06E1C6DC2AA9640B004BFBF1 /* amemo */,
				06A71C822AAAFEA200794323 /* widgetExtension */,
				060504FF2AAEA1BE009912FA /* amemoTests */,
				06FB057A2AB00C2B00AEFE6A /* share */,
			);
		};
/* End PBXProject section */

/* Begin PBXResourcesBuildPhase section */
		060504FE2AAEA1BE009912FA /* Resources */ = {
			isa = PBXResourcesBuildPhase;
			buildActionMask = 2147483647;
			files = (
			);
			runOnlyForDeploymentPostprocessing = 0;
		};
		06A71C812AAAFEA200794323 /* Resources */ = {
			isa = PBXResourcesBuildPhase;
			buildActionMask = 2147483647;
			files = (
				06A71C8F2AAAFEA800794323 /* Assets.xcassets in Resources */,
			);
			runOnlyForDeploymentPostprocessing = 0;
		};
		06E1C6DB2AA9640B004BFBF1 /* Resources */ = {
			isa = PBXResourcesBuildPhase;
			buildActionMask = 2147483647;
			files = (
				06E1C6E82AA9640D004BFBF1 /* Preview Assets.xcassets in Resources */,
				06E1C6E52AA9640D004BFBF1 /* Assets.xcassets in Resources */,
				06DE74082AB8447B00BAF4BE /* RemoteConfigKeys.plist in Resources */,
				0646BB5F2AB83ECD0024A6D8 /* GoogleService-Info.plist in Resources */,
			);
			runOnlyForDeploymentPostprocessing = 0;
		};
		06FB05792AB00C2B00AEFE6A /* Resources */ = {
			isa = PBXResourcesBuildPhase;
			buildActionMask = 2147483647;
			files = (
				06FB05812AB00C2B00AEFE6A /* MainInterface.storyboard in Resources */,
			);
			runOnlyForDeploymentPostprocessing = 0;
		};
/* End PBXResourcesBuildPhase section */

/* Begin PBXSourcesBuildPhase section */
		060504FC2AAEA1BE009912FA /* Sources */ = {
			isa = PBXSourcesBuildPhase;
			buildActionMask = 2147483647;
			files = (
				0605050B2AAEA416009912FA /* SampleClass.swift in Sources */,
				060505032AAEA1BE009912FA /* amemoTests.swift in Sources */,
			);
			runOnlyForDeploymentPostprocessing = 0;
		};
		06A71C7F2AAAFEA200794323 /* Sources */ = {
			isa = PBXSourcesBuildPhase;
			buildActionMask = 2147483647;
			files = (
				06A71C8B2AAAFEA200794323 /* widgetBundle.swift in Sources */,
				06A71C8D2AAAFEA200794323 /* widget.swift in Sources */,
			);
			runOnlyForDeploymentPostprocessing = 0;
		};
		06E1C6D92AA9640B004BFBF1 /* Sources */ = {
			isa = PBXSourcesBuildPhase;
			buildActionMask = 2147483647;
			files = (
				0605050A2AAEA416009912FA /* SampleClass.swift in Sources */,
				06E1C6E32AA9640B004BFBF1 /* ContentView.swift in Sources */,
				060504FA2AADC170009912FA /* TestCode.swift in Sources */,
				06E1C6E12AA9640B004BFBF1 /* amemoApp.swift in Sources */,
			);
			runOnlyForDeploymentPostprocessing = 0;
		};
		06FB05772AB00C2B00AEFE6A /* Sources */ = {
			isa = PBXSourcesBuildPhase;
			buildActionMask = 2147483647;
			files = (
				06FB057E2AB00C2B00AEFE6A /* ShareViewController.swift in Sources */,
			);
			runOnlyForDeploymentPostprocessing = 0;
		};
/* End PBXSourcesBuildPhase section */

/* Begin PBXTargetDependency section */
		060505052AAEA1BE009912FA /* PBXTargetDependency */ = {
			isa = PBXTargetDependency;
			target = 06E1C6DC2AA9640B004BFBF1 /* amemo */;
			targetProxy = 060505042AAEA1BE009912FA /* PBXContainerItemProxy */;
		};
		06A71C922AAAFEA800794323 /* PBXTargetDependency */ = {
			isa = PBXTargetDependency;
			target = 06A71C822AAAFEA200794323 /* widgetExtension */;
			targetProxy = 06A71C912AAAFEA800794323 /* PBXContainerItemProxy */;
		};
		06FB05842AB00C2B00AEFE6A /* PBXTargetDependency */ = {
			isa = PBXTargetDependency;
			target = 06FB057A2AB00C2B00AEFE6A /* share */;
			targetProxy = 06FB05832AB00C2B00AEFE6A /* PBXContainerItemProxy */;
		};
/* End PBXTargetDependency section */

/* Begin PBXVariantGroup section */
		06FB057F2AB00C2B00AEFE6A /* MainInterface.storyboard */ = {
			isa = PBXVariantGroup;
			children = (
				06FB05802AB00C2B00AEFE6A /* Base */,
			);
			name = MainInterface.storyboard;
			sourceTree = "<group>";
		};
/* End PBXVariantGroup section */

/* Begin XCBuildConfiguration section */
		060505072AAEA1BE009912FA /* Debug */ = {
			isa = XCBuildConfiguration;
			buildSettings = {
				BUNDLE_LOADER = "$(TEST_HOST)";
				CODE_SIGN_STYLE = Automatic;
				CURRENT_PROJECT_VERSION = 1;
				DEVELOPMENT_TEAM = 8DWF4448F3;
				GENERATE_INFOPLIST_FILE = YES;
				INFOPLIST_FILE = amemoTests/Info.plist;
				IPHONEOS_DEPLOYMENT_TARGET = 15.0;
				MARKETING_VERSION = 1.0;
				PRODUCT_BUNDLE_IDENTIFIER = trung.trong.nguyen.amemoTests;
				PRODUCT_NAME = "$(TARGET_NAME)";
				SUPPORTED_PLATFORMS = "iphoneos iphonesimulator";
				SUPPORTS_MACCATALYST = NO;
				SUPPORTS_MAC_DESIGNED_FOR_IPHONE_IPAD = NO;
				SWIFT_EMIT_LOC_STRINGS = NO;
				SWIFT_VERSION = 5.0;
				TARGETED_DEVICE_FAMILY = 1;
				TEST_HOST = "$(BUILT_PRODUCTS_DIR)/amemo.app/$(BUNDLE_EXECUTABLE_FOLDER_PATH)/amemo";
			};
			name = Debug;
		};
		060505082AAEA1BE009912FA /* Release */ = {
			isa = XCBuildConfiguration;
			buildSettings = {
				BUNDLE_LOADER = "$(TEST_HOST)";
				CODE_SIGN_STYLE = Automatic;
				CURRENT_PROJECT_VERSION = 1;
				DEVELOPMENT_TEAM = 8DWF4448F3;
				GENERATE_INFOPLIST_FILE = YES;
				INFOPLIST_FILE = amemoTests/Info.plist;
				IPHONEOS_DEPLOYMENT_TARGET = 15.0;
				MARKETING_VERSION = 1.0;
				PRODUCT_BUNDLE_IDENTIFIER = trung.trong.nguyen.amemoTests;
				PRODUCT_NAME = "$(TARGET_NAME)";
				SUPPORTED_PLATFORMS = "iphoneos iphonesimulator";
				SUPPORTS_MACCATALYST = NO;
				SUPPORTS_MAC_DESIGNED_FOR_IPHONE_IPAD = NO;
				SWIFT_EMIT_LOC_STRINGS = NO;
				SWIFT_VERSION = 5.0;
				TARGETED_DEVICE_FAMILY = 1;
				TEST_HOST = "$(BUILT_PRODUCTS_DIR)/amemo.app/$(BUNDLE_EXECUTABLE_FOLDER_PATH)/amemo";
			};
			name = Release;
		};
		06A71C952AAAFEA800794323 /* Debug */ = {
			isa = XCBuildConfiguration;
			buildSettings = {
				ASSETCATALOG_COMPILER_GLOBAL_ACCENT_COLOR_NAME = AccentColor;
				ASSETCATALOG_COMPILER_WIDGET_BACKGROUND_COLOR_NAME = WidgetBackground;
				CODE_SIGN_ENTITLEMENTS = widgetExtension.entitlements;
				CODE_SIGN_STYLE = Automatic;
				CURRENT_PROJECT_VERSION = 3;
				DEVELOPMENT_TEAM = 8DWF4448F3;
				GENERATE_INFOPLIST_FILE = YES;
				INFOPLIST_FILE = widget/Info.plist;
				INFOPLIST_KEY_CFBundleDisplayName = widget;
				INFOPLIST_KEY_NSHumanReadableCopyright = "";
				IPHONEOS_DEPLOYMENT_TARGET = 15.0;
				LD_RUNPATH_SEARCH_PATHS = (
					"$(inherited)",
					"@executable_path/Frameworks",
					"@executable_path/../../Frameworks",
				);
				MARKETING_VERSION = 1.0;
				PRODUCT_BUNDLE_IDENTIFIER = trung.trong.nguyen.amemo.widget;
				PRODUCT_NAME = "$(TARGET_NAME)";
				SKIP_INSTALL = YES;
				SWIFT_EMIT_LOC_STRINGS = YES;
				SWIFT_VERSION = 5.0;
				TARGETED_DEVICE_FAMILY = "1,2";
			};
			name = Debug;
		};
		06A71C962AAAFEA800794323 /* Release */ = {
			isa = XCBuildConfiguration;
			buildSettings = {
				ASSETCATALOG_COMPILER_GLOBAL_ACCENT_COLOR_NAME = AccentColor;
				ASSETCATALOG_COMPILER_WIDGET_BACKGROUND_COLOR_NAME = WidgetBackground;
				CODE_SIGN_ENTITLEMENTS = widgetExtension.entitlements;
				CODE_SIGN_STYLE = Automatic;
				CURRENT_PROJECT_VERSION = 3;
				DEVELOPMENT_TEAM = 8DWF4448F3;
				GENERATE_INFOPLIST_FILE = YES;
				INFOPLIST_FILE = widget/Info.plist;
				INFOPLIST_KEY_CFBundleDisplayName = widget;
				INFOPLIST_KEY_NSHumanReadableCopyright = "";
				IPHONEOS_DEPLOYMENT_TARGET = 15.0;
				LD_RUNPATH_SEARCH_PATHS = (
					"$(inherited)",
					"@executable_path/Frameworks",
					"@executable_path/../../Frameworks",
				);
				MARKETING_VERSION = 1.0;
				PRODUCT_BUNDLE_IDENTIFIER = trung.trong.nguyen.amemo.widget;
				PRODUCT_NAME = "$(TARGET_NAME)";
				SKIP_INSTALL = YES;
				SWIFT_EMIT_LOC_STRINGS = YES;
				SWIFT_VERSION = 5.0;
				TARGETED_DEVICE_FAMILY = "1,2";
			};
			name = Release;
		};
		06E1C6E92AA9640D004BFBF1 /* Debug */ = {
			isa = XCBuildConfiguration;
			buildSettings = {
				ALWAYS_SEARCH_USER_PATHS = NO;
				CLANG_ANALYZER_NONNULL = YES;
				CLANG_ANALYZER_NUMBER_OBJECT_CONVERSION = YES_AGGRESSIVE;
				CLANG_CXX_LANGUAGE_STANDARD = "gnu++20";
				CLANG_ENABLE_MODULES = YES;
				CLANG_ENABLE_OBJC_ARC = YES;
				CLANG_ENABLE_OBJC_WEAK = YES;
				CLANG_WARN_BLOCK_CAPTURE_AUTORELEASING = YES;
				CLANG_WARN_BOOL_CONVERSION = YES;
				CLANG_WARN_COMMA = YES;
				CLANG_WARN_CONSTANT_CONVERSION = YES;
				CLANG_WARN_DEPRECATED_OBJC_IMPLEMENTATIONS = YES;
				CLANG_WARN_DIRECT_OBJC_ISA_USAGE = YES_ERROR;
				CLANG_WARN_DOCUMENTATION_COMMENTS = YES;
				CLANG_WARN_EMPTY_BODY = YES;
				CLANG_WARN_ENUM_CONVERSION = YES;
				CLANG_WARN_INFINITE_RECURSION = YES;
				CLANG_WARN_INT_CONVERSION = YES;
				CLANG_WARN_NON_LITERAL_NULL_CONVERSION = YES;
				CLANG_WARN_OBJC_IMPLICIT_RETAIN_SELF = YES;
				CLANG_WARN_OBJC_LITERAL_CONVERSION = YES;
				CLANG_WARN_OBJC_ROOT_CLASS = YES_ERROR;
				CLANG_WARN_QUOTED_INCLUDE_IN_FRAMEWORK_HEADER = YES;
				CLANG_WARN_RANGE_LOOP_ANALYSIS = YES;
				CLANG_WARN_STRICT_PROTOTYPES = YES;
				CLANG_WARN_SUSPICIOUS_MOVE = YES;
				CLANG_WARN_UNGUARDED_AVAILABILITY = YES_AGGRESSIVE;
				CLANG_WARN_UNREACHABLE_CODE = YES;
				CLANG_WARN__DUPLICATE_METHOD_MATCH = YES;
				COPY_PHASE_STRIP = NO;
				DEBUG_INFORMATION_FORMAT = dwarf;
				ENABLE_STRICT_OBJC_MSGSEND = YES;
				ENABLE_TESTABILITY = YES;
				GCC_C_LANGUAGE_STANDARD = gnu11;
				GCC_DYNAMIC_NO_PIC = NO;
				GCC_NO_COMMON_BLOCKS = YES;
				GCC_OPTIMIZATION_LEVEL = 0;
				GCC_PREPROCESSOR_DEFINITIONS = (
					"DEBUG=1",
					"$(inherited)",
				);
				GCC_WARN_64_TO_32_BIT_CONVERSION = YES;
				GCC_WARN_ABOUT_RETURN_TYPE = YES_ERROR;
				GCC_WARN_UNDECLARED_SELECTOR = YES;
				GCC_WARN_UNINITIALIZED_AUTOS = YES_AGGRESSIVE;
				GCC_WARN_UNUSED_FUNCTION = YES;
				GCC_WARN_UNUSED_VARIABLE = YES;
				IPHONEOS_DEPLOYMENT_TARGET = 16.4;
				MTL_ENABLE_DEBUG_INFO = INCLUDE_SOURCE;
				MTL_FAST_MATH = YES;
				ONLY_ACTIVE_ARCH = YES;
				SDKROOT = iphoneos;
				SWIFT_ACTIVE_COMPILATION_CONDITIONS = DEBUG;
				SWIFT_OPTIMIZATION_LEVEL = "-Onone";
			};
			name = Debug;
		};
		06E1C6EA2AA9640D004BFBF1 /* Release */ = {
			isa = XCBuildConfiguration;
			buildSettings = {
				ALWAYS_SEARCH_USER_PATHS = NO;
				CLANG_ANALYZER_NONNULL = YES;
				CLANG_ANALYZER_NUMBER_OBJECT_CONVERSION = YES_AGGRESSIVE;
				CLANG_CXX_LANGUAGE_STANDARD = "gnu++20";
				CLANG_ENABLE_MODULES = YES;
				CLANG_ENABLE_OBJC_ARC = YES;
				CLANG_ENABLE_OBJC_WEAK = YES;
				CLANG_WARN_BLOCK_CAPTURE_AUTORELEASING = YES;
				CLANG_WARN_BOOL_CONVERSION = YES;
				CLANG_WARN_COMMA = YES;
				CLANG_WARN_CONSTANT_CONVERSION = YES;
				CLANG_WARN_DEPRECATED_OBJC_IMPLEMENTATIONS = YES;
				CLANG_WARN_DIRECT_OBJC_ISA_USAGE = YES_ERROR;
				CLANG_WARN_DOCUMENTATION_COMMENTS = YES;
				CLANG_WARN_EMPTY_BODY = YES;
				CLANG_WARN_ENUM_CONVERSION = YES;
				CLANG_WARN_INFINITE_RECURSION = YES;
				CLANG_WARN_INT_CONVERSION = YES;
				CLANG_WARN_NON_LITERAL_NULL_CONVERSION = YES;
				CLANG_WARN_OBJC_IMPLICIT_RETAIN_SELF = YES;
				CLANG_WARN_OBJC_LITERAL_CONVERSION = YES;
				CLANG_WARN_OBJC_ROOT_CLASS = YES_ERROR;
				CLANG_WARN_QUOTED_INCLUDE_IN_FRAMEWORK_HEADER = YES;
				CLANG_WARN_RANGE_LOOP_ANALYSIS = YES;
				CLANG_WARN_STRICT_PROTOTYPES = YES;
				CLANG_WARN_SUSPICIOUS_MOVE = YES;
				CLANG_WARN_UNGUARDED_AVAILABILITY = YES_AGGRESSIVE;
				CLANG_WARN_UNREACHABLE_CODE = YES;
				CLANG_WARN__DUPLICATE_METHOD_MATCH = YES;
				COPY_PHASE_STRIP = NO;
				DEBUG_INFORMATION_FORMAT = "dwarf-with-dsym";
				ENABLE_NS_ASSERTIONS = NO;
				ENABLE_STRICT_OBJC_MSGSEND = YES;
				GCC_C_LANGUAGE_STANDARD = gnu11;
				GCC_NO_COMMON_BLOCKS = YES;
				GCC_WARN_64_TO_32_BIT_CONVERSION = YES;
				GCC_WARN_ABOUT_RETURN_TYPE = YES_ERROR;
				GCC_WARN_UNDECLARED_SELECTOR = YES;
				GCC_WARN_UNINITIALIZED_AUTOS = YES_AGGRESSIVE;
				GCC_WARN_UNUSED_FUNCTION = YES;
				GCC_WARN_UNUSED_VARIABLE = YES;
				IPHONEOS_DEPLOYMENT_TARGET = 16.4;
				MTL_ENABLE_DEBUG_INFO = NO;
				MTL_FAST_MATH = YES;
				SDKROOT = iphoneos;
				SWIFT_COMPILATION_MODE = wholemodule;
				SWIFT_OPTIMIZATION_LEVEL = "-O";
				VALIDATE_PRODUCT = YES;
			};
			name = Release;
		};
		06E1C6EC2AA9640D004BFBF1 /* Debug */ = {
			isa = XCBuildConfiguration;
			buildSettings = {
				ALWAYS_EMBED_SWIFT_STANDARD_LIBRARIES = YES;
				ASSETCATALOG_COMPILER_APPICON_NAME = AppIcon;
				ASSETCATALOG_COMPILER_GLOBAL_ACCENT_COLOR_NAME = AccentColor;
				CODE_SIGN_ENTITLEMENTS = amemo/amemo.entitlements;
				CODE_SIGN_STYLE = Automatic;
				CURRENT_PROJECT_VERSION = 3;
				DEVELOPMENT_ASSET_PATHS = "\"amemo/Preview Content\"";
				DEVELOPMENT_TEAM = 8DWF4448F3;
				ENABLE_PREVIEWS = YES;
				GENERATE_INFOPLIST_FILE = YES;
				INFOPLIST_FILE = amemo/Info.plist;
				INFOPLIST_KEY_CFBundleDisplayName = aMemo;
				INFOPLIST_KEY_UIApplicationSceneManifest_Generation = YES;
				INFOPLIST_KEY_UIApplicationSupportsIndirectInputEvents = YES;
				INFOPLIST_KEY_UILaunchScreen_Generation = YES;
				INFOPLIST_KEY_UISupportedInterfaceOrientations = UIInterfaceOrientationPortrait;
				INFOPLIST_KEY_UISupportedInterfaceOrientations_iPad = "UIInterfaceOrientationLandscapeLeft UIInterfaceOrientationLandscapeRight UIInterfaceOrientationPortrait UIInterfaceOrientationPortraitUpsideDown";
				IPHONEOS_DEPLOYMENT_TARGET = 15.0;
				LD_RUNPATH_SEARCH_PATHS = (
					"$(inherited)",
					"@executable_path/Frameworks",
				);
				MARKETING_VERSION = 1.0;
				PRODUCT_BUNDLE_IDENTIFIER = trung.trong.nguyen.amemo;
				PRODUCT_NAME = "$(TARGET_NAME)";
				SUPPORTED_PLATFORMS = "iphoneos iphonesimulator";
				SUPPORTS_MACCATALYST = NO;
				SUPPORTS_MAC_DESIGNED_FOR_IPHONE_IPAD = NO;
				SWIFT_EMIT_LOC_STRINGS = YES;
				SWIFT_VERSION = 5.0;
				TARGETED_DEVICE_FAMILY = 1;
			};
			name = Debug;
		};
		06E1C6ED2AA9640D004BFBF1 /* Release */ = {
			isa = XCBuildConfiguration;
			buildSettings = {
				ALWAYS_EMBED_SWIFT_STANDARD_LIBRARIES = YES;
				ASSETCATALOG_COMPILER_APPICON_NAME = AppIcon;
				ASSETCATALOG_COMPILER_GLOBAL_ACCENT_COLOR_NAME = AccentColor;
				CODE_SIGN_ENTITLEMENTS = amemo/amemo.entitlements;
				CODE_SIGN_STYLE = Automatic;
				CURRENT_PROJECT_VERSION = 3;
				DEVELOPMENT_ASSET_PATHS = "\"amemo/Preview Content\"";
				DEVELOPMENT_TEAM = 8DWF4448F3;
				ENABLE_PREVIEWS = YES;
				GENERATE_INFOPLIST_FILE = YES;
				INFOPLIST_FILE = amemo/Info.plist;
				INFOPLIST_KEY_CFBundleDisplayName = aMemo;
				INFOPLIST_KEY_UIApplicationSceneManifest_Generation = YES;
				INFOPLIST_KEY_UIApplicationSupportsIndirectInputEvents = YES;
				INFOPLIST_KEY_UILaunchScreen_Generation = YES;
				INFOPLIST_KEY_UISupportedInterfaceOrientations = UIInterfaceOrientationPortrait;
				INFOPLIST_KEY_UISupportedInterfaceOrientations_iPad = "UIInterfaceOrientationLandscapeLeft UIInterfaceOrientationLandscapeRight UIInterfaceOrientationPortrait UIInterfaceOrientationPortraitUpsideDown";
				IPHONEOS_DEPLOYMENT_TARGET = 15.0;
				LD_RUNPATH_SEARCH_PATHS = (
					"$(inherited)",
					"@executable_path/Frameworks",
				);
				MARKETING_VERSION = 1.0;
				PRODUCT_BUNDLE_IDENTIFIER = trung.trong.nguyen.amemo;
				PRODUCT_NAME = "$(TARGET_NAME)";
				SUPPORTED_PLATFORMS = "iphoneos iphonesimulator";
				SUPPORTS_MACCATALYST = NO;
				SUPPORTS_MAC_DESIGNED_FOR_IPHONE_IPAD = NO;
				SWIFT_EMIT_LOC_STRINGS = YES;
				SWIFT_VERSION = 5.0;
				TARGETED_DEVICE_FAMILY = 1;
			};
			name = Release;
		};
		06FB05862AB00C2B00AEFE6A /* Debug */ = {
			isa = XCBuildConfiguration;
			buildSettings = {
				CODE_SIGN_STYLE = Automatic;
				CURRENT_PROJECT_VERSION = 3;
				DEVELOPMENT_TEAM = 8DWF4448F3;
				GENERATE_INFOPLIST_FILE = YES;
				INFOPLIST_FILE = share/Info.plist;
				INFOPLIST_KEY_CFBundleDisplayName = share;
				INFOPLIST_KEY_NSHumanReadableCopyright = "";
				LD_RUNPATH_SEARCH_PATHS = (
					"$(inherited)",
					"@executable_path/Frameworks",
					"@executable_path/../../Frameworks",
				);
				MARKETING_VERSION = 1.0;
				PRODUCT_BUNDLE_IDENTIFIER = trung.trong.nguyen.amemo.share;
				PRODUCT_NAME = "$(TARGET_NAME)";
				SKIP_INSTALL = YES;
				SWIFT_EMIT_LOC_STRINGS = YES;
				SWIFT_VERSION = 5.0;
				TARGETED_DEVICE_FAMILY = "1,2";
			};
			name = Debug;
		};
		06FB05872AB00C2B00AEFE6A /* Release */ = {
			isa = XCBuildConfiguration;
			buildSettings = {
				CODE_SIGN_STYLE = Automatic;
				CURRENT_PROJECT_VERSION = 3;
				DEVELOPMENT_TEAM = 8DWF4448F3;
				GENERATE_INFOPLIST_FILE = YES;
				INFOPLIST_FILE = share/Info.plist;
				INFOPLIST_KEY_CFBundleDisplayName = share;
				INFOPLIST_KEY_NSHumanReadableCopyright = "";
				LD_RUNPATH_SEARCH_PATHS = (
					"$(inherited)",
					"@executable_path/Frameworks",
					"@executable_path/../../Frameworks",
				);
				MARKETING_VERSION = 1.0;
				PRODUCT_BUNDLE_IDENTIFIER = trung.trong.nguyen.amemo.share;
				PRODUCT_NAME = "$(TARGET_NAME)";
				SKIP_INSTALL = YES;
				SWIFT_EMIT_LOC_STRINGS = YES;
				SWIFT_VERSION = 5.0;
				TARGETED_DEVICE_FAMILY = "1,2";
			};
			name = Release;
		};
/* End XCBuildConfiguration section */

/* Begin XCConfigurationList section */
		060505062AAEA1BE009912FA /* Build configuration list for PBXNativeTarget "amemoTests" */ = {
			isa = XCConfigurationList;
			buildConfigurations = (
				060505072AAEA1BE009912FA /* Debug */,
				060505082AAEA1BE009912FA /* Release */,
			);
			defaultConfigurationIsVisible = 0;
			defaultConfigurationName = Release;
		};
		06A71C942AAAFEA800794323 /* Build configuration list for PBXNativeTarget "widgetExtension" */ = {
			isa = XCConfigurationList;
			buildConfigurations = (
				06A71C952AAAFEA800794323 /* Debug */,
				06A71C962AAAFEA800794323 /* Release */,
			);
			defaultConfigurationIsVisible = 0;
			defaultConfigurationName = Release;
		};
		06E1C6D82AA9640B004BFBF1 /* Build configuration list for PBXProject "amemo" */ = {
			isa = XCConfigurationList;
			buildConfigurations = (
				06E1C6E92AA9640D004BFBF1 /* Debug */,
				06E1C6EA2AA9640D004BFBF1 /* Release */,
			);
			defaultConfigurationIsVisible = 0;
			defaultConfigurationName = Release;
		};
		06E1C6EB2AA9640D004BFBF1 /* Build configuration list for PBXNativeTarget "amemo" */ = {
			isa = XCConfigurationList;
			buildConfigurations = (
				06E1C6EC2AA9640D004BFBF1 /* Debug */,
				06E1C6ED2AA9640D004BFBF1 /* Release */,
			);
			defaultConfigurationIsVisible = 0;
			defaultConfigurationName = Release;
		};
		06FB05882AB00C2B00AEFE6A /* Build configuration list for PBXNativeTarget "share" */ = {
			isa = XCConfigurationList;
			buildConfigurations = (
				06FB05862AB00C2B00AEFE6A /* Debug */,
				06FB05872AB00C2B00AEFE6A /* Release */,
			);
			defaultConfigurationIsVisible = 0;
			defaultConfigurationName = Release;
		};
/* End XCConfigurationList section */

/* Begin XCRemoteSwiftPackageReference section */
		06DE74022AB8412F00BAF4BE /* XCRemoteSwiftPackageReference "firebase-ios-sdk" */ = {
			isa = XCRemoteSwiftPackageReference;
			repositoryURL = "https://github.com/firebase/firebase-ios-sdk";
			requirement = {
				kind = exactVersion;
				version = 10.15.0;
			};
		};
/* End XCRemoteSwiftPackageReference section */

/* Begin XCSwiftPackageProductDependency section */
		06DE74032AB8412F00BAF4BE /* FirebaseRemoteConfig */ = {
			isa = XCSwiftPackageProductDependency;
			package = 06DE74022AB8412F00BAF4BE /* XCRemoteSwiftPackageReference "firebase-ios-sdk" */;
			productName = FirebaseRemoteConfig;
		};
		06DE74052AB8412F00BAF4BE /* FirebaseRemoteConfigSwift */ = {
			isa = XCSwiftPackageProductDependency;
			package = 06DE74022AB8412F00BAF4BE /* XCRemoteSwiftPackageReference "firebase-ios-sdk" */;
			productName = FirebaseRemoteConfigSwift;
		};
/* End XCSwiftPackageProductDependency section */
	};
	rootObject = 06E1C6D52AA9640B004BFBF1 /* Project object */;
}
